
Microsoft Visual Studio Solution File, Format Version 12.00
# Visual Studio 15
VisualStudioVersion = 15.0.27130.2036
MinimumVisualStudioVersion = 10.0.40219.1
Project("{FAE04EC0-301F-11D3-BF4B-00C04F79EFBC}") = "Project", "Project\Project.csproj", "{1469C8BF-7900-4DAE-B8DA-5B1691CC958A}"
EndProject
Global
	GlobalSection(SolutionConfigurationPlatforms) = preSolution
		Debug|Any CPU = Debug|Any CPU
		Release|Any CPU = Release|Any CPU
	EndGlobalSection
	GlobalSection(ProjectConfigurationPlatforms) = postSolution
		{1469C8BF-7900-4DAE-B8DA-5B1691CC958A}.Debug|Any CPU.ActiveCfg = Debug|Any CPU
		{1469C8BF-7900-4DAE-B8DA-5B1691CC958A}.Debug|Any CPU.Build.0 = Debug|Any CPU
		{1469C8BF-7900-4DAE-B8DA-5B1691CC958A}.Release|Any CPU.ActiveCfg = Release|Any CPU
		{1469C8BF-7900-4DAE-B8DA-5B1691CC958A}.Release|Any CPU.Build.0 = Release|Any CPU
	EndGlobalSection
	GlobalSection(SolutionProperties) = preSolution
		HideSolutionNode = FALSE
	EndGlobalSection
	GlobalSection(ExtensibilityGlobals) = postSolution
		SolutionGuid = {C9004ABA-B8AC-4EE4-A952-586632A50F54}
	EndGlobalSection
EndGlobal
